
Microsoft Visual Studio Solution File, Format Version 12.00
# Visual Studio Version 16
VisualStudioVersion = 16.0.30804.86
MinimumVisualStudioVersion = 10.0.40219.1
Project("{FAE04EC0-301F-11D3-BF4B-00C04F79EFBC}") = "Lab1-2", "Lab1-2\Lab1-2.csproj", "{431A4EFF-D790-4F9F-BE0A-CB897661111B}"
EndProject
Project("{FAE04EC0-301F-11D3-BF4B-00C04F79EFBC}") = "Lab3-Wpf", "Lab3-Wpf\Lab3-Wpf.csproj", "{C010F4FD-7C36-457E-8B5D-B5B7EFD50D67}"
EndProject
Global
	GlobalSection(SolutionConfigurationPlatforms) = preSolution
		Debug|Any CPU = Debug|Any CPU
		Release|Any CPU = Release|Any CPU
	EndGlobalSection
	GlobalSection(ProjectConfigurationPlatforms) = postSolution
		{431A4EFF-D790-4F9F-BE0A-CB897661111B}.Debug|Any CPU.ActiveCfg = Debug|Any CPU
		{431A4EFF-D790-4F9F-BE0A-CB897661111B}.Debug|Any CPU.Build.0 = Debug|Any CPU
		{431A4EFF-D790-4F9F-BE0A-CB897661111B}.Release|Any CPU.ActiveCfg = Release|Any CPU
		{431A4EFF-D790-4F9F-BE0A-CB897661111B}.Release|Any CPU.Build.0 = Release|Any CPU
		{C010F4FD-7C36-457E-8B5D-B5B7EFD50D67}.Debug|Any CPU.ActiveCfg = Debug|Any CPU
		{C010F4FD-7C36-457E-8B5D-B5B7EFD50D67}.Debug|Any CPU.Build.0 = Debug|Any CPU
		{C010F4FD-7C36-457E-8B5D-B5B7EFD50D67}.Release|Any CPU.ActiveCfg = Release|Any CPU
		{C010F4FD-7C36-457E-8B5D-B5B7EFD50D67}.Release|Any CPU.Build.0 = Release|Any CPU
	EndGlobalSection
	GlobalSection(SolutionProperties) = preSolution
		HideSolutionNode = FALSE
	EndGlobalSection
	GlobalSection(ExtensibilityGlobals) = postSolution
		SolutionGuid = {62742908-8945-42EC-93CA-3B1B244CC228}
	EndGlobalSection
EndGlobal
